# This file is @generated by PDM.
# It is not intended for manual editing.

[metadata]
groups = ["default"]
strategy = []
lock_version = "4.5.0"
content_hash = "sha256:7abda4eb3fd5ce4a538f1bfe1d7369ecfa03ca19ee96a3415f5d93b0016195ca"

[[metadata.targets]]
requires_python = "==3.13.*"

[[package]]
name = "click"
version = "8.2.1"
summary = ""
dependencies = [
    "colorama; sys_platform == \"win32\"",
]
files = [
    {file = "click-8.2.1-py3-none-any.whl", hash = "sha256:61a3265b914e850b85317d0b3109c7f8cd35a670f963866005d6ef1d5175a12b"},
    {file = "click-8.2.1.tar.gz", hash = "sha256:27c491cc05d968d271d5a1db13e3b5a184636d9d930f148c50b038f0d0646202"},
]

[[package]]
name = "colorama"
version = "0.4.6"
summary = ""
files = [
    {file = "colorama-0.4.6-py2.py3-none-any.whl", hash = "sha256:4f1d9991f5acc0ca119f9d443620b77f9d6b33703e51011c16baf57afb285fc6"},
    {file = "colorama-0.4.6.tar.gz", hash = "sha256:08695f5cb7ed6e0531a20572697297273c47b8cae5a63ffc6d6ed5c201be6e44"},
]

[[package]]
name = "loguru"
version = "0.7.3"
summary = ""
dependencies = [
    "colorama; sys_platform == \"win32\"",
    "win32-setctime; sys_platform == \"win32\"",
]
files = [
    {file = "loguru-0.7.3-py3-none-any.whl", hash = "sha256:31a33c10c8e1e10422bfd431aeb5d351c7cf7fa671e3c4df004162264b28220c"},
    {file = "loguru-0.7.3.tar.gz", hash = "sha256:19480589e77d47b8d85b2c827ad95d49bf31b0dcde16593892eb51dd18706eb6"},
]

[[package]]
name = "markdown-it-py"
version = "4.0.0"
summary = ""
dependencies = [
    "mdurl",
]
files = [
    {file = "markdown_it_py-4.0.0-py3-none-any.whl", hash = "sha256:87327c59b172c5011896038353a81343b6754500a08cd7a4973bb48c6d578147"},
    {file = "markdown_it_py-4.0.0.tar.gz", hash = "sha256:cb0a2b4aa34f932c007117b194e945bd74e0ec24133ceb5bac59009cda1cb9f3"},
]

[[package]]
name = "mdurl"
version = "0.1.2"
summary = ""
files = [
    {file = "mdurl-0.1.2-py3-none-any.whl", hash = "sha256:84008a41e51615a49fc9966191ff91509e3c40b939176e643fd50a5c2196b8f8"},
    {file = "mdurl-0.1.2.tar.gz", hash = "sha256:bb413d29f5eea38f31dd4754dd7377d4465116fb207585f97bf925588687c1ba"},
]

[[package]]
name = "pygments"
version = "2.19.2"
summary = ""
files = [
    {file = "pygments-2.19.2-py3-none-any.whl", hash = "sha256:86540386c03d588bb81d44bc3928634ff26449851e99741617ecb9037ee5ec0b"},
    {file = "pygments-2.19.2.tar.gz", hash = "sha256:636cb2477cec7f8952536970bc533bc43743542f70392ae026374600add5b887"},
]

[[package]]
name = "rich"
version = "14.1.0"
summary = ""
dependencies = [
    "markdown-it-py",
    "pygments",
]
files = [
    {file = "rich-14.1.0-py3-none-any.whl", hash = "sha256:536f5f1785986d6dbdea3c75205c473f970777b4a0d6c6dd1b696aa05a3fa04f"},
    {file = "rich-14.1.0.tar.gz", hash = "sha256:e497a48b844b0320d45007cdebfeaeed8db2a4f4bcf49f15e455cfc4af11eaa8"},
]

[[package]]
name = "ujson"
version = "5.11.0"
summary = ""
files = [
    {file = "ujson-5.11.0-cp313-cp313-macosx_10_13_x86_64.whl", hash = "sha256:109f59885041b14ee9569bf0bb3f98579c3fa0652317b355669939e5fc5ede53"},
    {file = "ujson-5.11.0-cp313-cp313-macosx_11_0_arm64.whl", hash = "sha256:a31c6b8004438e8c20fc55ac1c0e07dad42941db24176fe9acf2815971f8e752"},
    {file = "ujson-5.11.0-cp313-cp313-manylinux_2_24_aarch64.manylinux_2_28_aarch64.whl", hash = "sha256:78c684fb21255b9b90320ba7e199780f653e03f6c2528663768965f4126a5b50"},
    {file = "ujson-5.11.0-cp313-cp313-manylinux_2_24_i686.manylinux_2_28_i686.whl", hash = "sha256:4c9f5d6a27d035dd90a146f7761c2272cf7103de5127c9ab9c4cd39ea61e878a"},
    {file = "ujson-5.11.0-cp313-cp313-manylinux_2_24_x86_64.manylinux_2_28_x86_64.whl", hash = "sha256:837da4d27fed5fdc1b630bd18f519744b23a0b5ada1bbde1a36ba463f2900c03"},
    {file = "ujson-5.11.0-cp313-cp313-musllinux_1_2_aarch64.whl", hash = "sha256:787aff4a84da301b7f3bac09bc696e2e5670df829c6f8ecf39916b4e7e24e701"},
    {file = "ujson-5.11.0-cp313-cp313-musllinux_1_2_i686.whl", hash = "sha256:6dd703c3e86dc6f7044c5ac0b3ae079ed96bf297974598116aa5fb7f655c3a60"},
    {file = "ujson-5.11.0-cp313-cp313-musllinux_1_2_x86_64.whl", hash = "sha256:3772e4fe6b0c1e025ba3c50841a0ca4786825a4894c8411bf8d3afe3a8061328"},
    {file = "ujson-5.11.0-cp313-cp313-win32.whl", hash = "sha256:8fa2af7c1459204b7a42e98263b069bd535ea0cd978b4d6982f35af5a04a4241"},
    {file = "ujson-5.11.0-cp313-cp313-win_amd64.whl", hash = "sha256:34032aeca4510a7c7102bd5933f59a37f63891f30a0706fb46487ab6f0edf8f0"},
    {file = "ujson-5.11.0-cp313-cp313-win_arm64.whl", hash = "sha256:ce076f2df2e1aa62b685086fbad67f2b1d3048369664b4cdccc50707325401f9"},
    {file = "ujson-5.11.0.tar.gz", hash = "sha256:e204ae6f909f099ba6b6b942131cee359ddda2b6e4ea39c12eb8b991fe2010e0"},
]

[[package]]
name = "win32-setctime"
version = "1.2.0"
summary = ""
files = [
    {file = "win32_setctime-1.2.0-py3-none-any.whl", hash = "sha256:95d644c4e708aba81dc3704a116d8cbc974d70b3bdb8be1d150e36be6e9d1390"},
    {file = "win32_setctime-1.2.0.tar.gz", hash = "sha256:ae1fdf948f5640aae05c511ade119313fb6a30d7eabe25fef9764dca5873c4c0"},
]
